
Microsoft Visual Studio Solution File, Format Version 12.00
# Visual Studio 15
VisualStudioVersion = 15.0.28307.852
MinimumVisualStudioVersion = 10.0.40219.1
Project("{8BC9CEB8-8B4A-11D0-8D11-00A0C91BC942}") = "text-recognition", "text-recognition.vcxproj", "{A3D2F6B8-A505-4220-8EF7-E0F5719AF15F}"
EndProject
Global
	GlobalSection(SolutionConfigurationPlatforms) = preSolution
		Debug|x64 = Debug|x64
		Debug|x86 = Debug|x86
		Release|x64 = Release|x64
		Release|x86 = Release|x86
	EndGlobalSection
	GlobalSection(ProjectConfigurationPlatforms) = postSolution
		{A3D2F6B8-A505-4220-8EF7-E0F5719AF15F}.Debug|x64.ActiveCfg = Debug|x64
		{A3D2F6B8-A505-4220-8EF7-E0F5719AF15F}.Debug|x64.Build.0 = Debug|x64
		{A3D2F6B8-A505-4220-8EF7-E0F5719AF15F}.Debug|x86.ActiveCfg = Debug|Win32
		{A3D2F6B8-A505-4220-8EF7-E0F5719AF15F}.Debug|x86.Build.0 = Debug|Win32
		{A3D2F6B8-A505-4220-8EF7-E0F5719AF15F}.Release|x64.ActiveCfg = Release|x64
		{A3D2F6B8-A505-4220-8EF7-E0F5719AF15F}.Release|x64.Build.0 = Release|x64
		{A3D2F6B8-A505-4220-8EF7-E0F5719AF15F}.Release|x86.ActiveCfg = Release|Win32
		{A3D2F6B8-A505-4220-8EF7-E0F5719AF15F}.Release|x86.Build.0 = Release|Win32
	EndGlobalSection
	GlobalSection(SolutionProperties) = preSolution
		HideSolutionNode = FALSE
	EndGlobalSection
	GlobalSection(ExtensibilityGlobals) = postSolution
		SolutionGuid = {F49A6D50-B0E8-452A-8171-FE51F68FFE49}
	EndGlobalSection
EndGlobal
